
Microsoft Visual Studio Solution File, Format Version 12.00
# Visual Studio 15
VisualStudioVersion = 15.0.28307.106
MinimumVisualStudioVersion = 10.0.40219.1
Project("{FAE04EC0-301F-11D3-BF4B-00C04F79EFBC}") = "App1.Android", "App1\App1.Android\App1.Android.csproj", "{FA772435-A9AC-42A1-B533-87B4B0628E59}"
EndProject
Project("{FAE04EC0-301F-11D3-BF4B-00C04F79EFBC}") = "App1.iOS", "App1\App1.iOS\App1.iOS.csproj", "{0D56C842-1568-43C4-92E9-9E889AFC19AA}"
EndProject
Project("{FAE04EC0-301F-11D3-BF4B-00C04F79EFBC}") = "App1", "App1\App1\App1.csproj", "{5D1F8CF5-521E-4004-8D24-D5895D69765D}"
EndProject
Global
	GlobalSection(SolutionConfigurationPlatforms) = preSolution
		Ad-Hoc|Any CPU = Ad-Hoc|Any CPU
		Ad-Hoc|iPhone = Ad-Hoc|iPhone
		Ad-Hoc|iPhoneSimulator = Ad-Hoc|iPhoneSimulator
		AppStore|Any CPU = AppStore|Any CPU
		AppStore|iPhone = AppStore|iPhone
		AppStore|iPhoneSimulator = AppStore|iPhoneSimulator
		Debug|Any CPU = Debug|Any CPU
		Debug|iPhone = Debug|iPhone
		Debug|iPhoneSimulator = Debug|iPhoneSimulator
		Release|Any CPU = Release|Any CPU
		Release|iPhone = Release|iPhone
		Release|iPhoneSimulator = Release|iPhoneSimulator
	EndGlobalSection
	GlobalSection(ProjectConfigurationPlatforms) = postSolution
		{FA772435-A9AC-42A1-B533-87B4B0628E59}.Ad-Hoc|Any CPU.ActiveCfg = Release|Any CPU
		{FA772435-A9AC-42A1-B533-87B4B0628E59}.Ad-Hoc|Any CPU.Build.0 = Release|Any CPU
		{FA772435-A9AC-42A1-B533-87B4B0628E59}.Ad-Hoc|Any CPU.Deploy.0 = Release|Any CPU
		{FA772435-A9AC-42A1-B533-87B4B0628E59}.Ad-Hoc|iPhone.ActiveCfg = Release|Any CPU
		{FA772435-A9AC-42A1-B533-87B4B0628E59}.Ad-Hoc|iPhone.Build.0 = Release|Any CPU
		{FA772435-A9AC-42A1-B533-87B4B0628E59}.Ad-Hoc|iPhone.Deploy.0 = Release|Any CPU
		{FA772435-A9AC-42A1-B533-87B4B0628E59}.Ad-Hoc|iPhoneSimulator.ActiveCfg = Release|Any CPU
		{FA772435-A9AC-42A1-B533-87B4B0628E59}.Ad-Hoc|iPhoneSimulator.Build.0 = Release|Any CPU
		{FA772435-A9AC-42A1-B533-87B4B0628E59}.Ad-Hoc|iPhoneSimulator.Deploy.0 = Release|Any CPU
		{FA772435-A9AC-42A1-B533-87B4B0628E59}.AppStore|Any CPU.ActiveCfg = Release|Any CPU
		{FA772435-A9AC-42A1-B533-87B4B0628E59}.AppStore|Any CPU.Build.0 = Release|Any CPU
		{FA772435-A9AC-42A1-B533-87B4B0628E59}.AppStore|Any CPU.Deploy.0 = Release|Any CPU
		{FA772435-A9AC-42A1-B533-87B4B0628E59}.AppStore|iPhone.ActiveCfg = Release|Any CPU
		{FA772435-A9AC-42A1-B533-87B4B0628E59}.AppStore|iPhone.Build.0 = Release|Any CPU
		{FA772435-A9AC-42A1-B533-87B4B0628E59}.AppStore|iPhone.Deploy.0 = Release|Any CPU
		{FA772435-A9AC-42A1-B533-87B4B0628E59}.AppStore|iPhoneSimulator.ActiveCfg = Release|Any CPU
		{FA772435-A9AC-42A1-B533-87B4B0628E59}.AppStore|iPhoneSimulator.Build.0 = Release|Any CPU
		{FA772435-A9AC-42A1-B533-87B4B0628E59}.AppStore|iPhoneSimulator.Deploy.0 = Release|Any CPU
		{FA772435-A9AC-42A1-B533-87B4B0628E59}.Debug|Any CPU.ActiveCfg = Debug|Any CPU
		{FA772435-A9AC-42A1-B533-87B4B0628E59}.Debug|Any CPU.Build.0 = Debug|Any CPU
		{FA772435-A9AC-42A1-B533-87B4B0628E59}.Debug|Any CPU.Deploy.0 = Debug|Any CPU
		{FA772435-A9AC-42A1-B533-87B4B0628E59}.Debug|iPhone.ActiveCfg = Debug|Any CPU
		{FA772435-A9AC-42A1-B533-87B4B0628E59}.Debug|iPhone.Build.0 = Debug|Any CPU
		{FA772435-A9AC-42A1-B533-87B4B0628E59}.Debug|iPhone.Deploy.0 = Debug|Any CPU
		{FA772435-A9AC-42A1-B533-87B4B0628E59}.Debug|iPhoneSimulator.ActiveCfg = Debug|Any CPU
		{FA772435-A9AC-42A1-B533-87B4B0628E59}.Debug|iPhoneSimulator.Build.0 = Debug|Any CPU
		{FA772435-A9AC-42A1-B533-87B4B0628E59}.Debug|iPhoneSimulator.Deploy.0 = Debug|Any CPU
		{FA772435-A9AC-42A1-B533-87B4B0628E59}.Release|Any CPU.ActiveCfg = Release|Any CPU
		{FA772435-A9AC-42A1-B533-87B4B0628E59}.Release|Any CPU.Build.0 = Release|Any CPU
		{FA772435-A9AC-42A1-B533-87B4B0628E59}.Release|Any CPU.Deploy.0 = Release|Any CPU
		{FA772435-A9AC-42A1-B533-87B4B0628E59}.Release|iPhone.ActiveCfg = Release|Any CPU
		{FA772435-A9AC-42A1-B533-87B4B0628E59}.Release|iPhone.Build.0 = Release|Any CPU
		{FA772435-A9AC-42A1-B533-87B4B0628E59}.Release|iPhone.Deploy.0 = Release|Any CPU
		{FA772435-A9AC-42A1-B533-87B4B0628E59}.Release|iPhoneSimulator.ActiveCfg = Release|Any CPU
		{FA772435-A9AC-42A1-B533-87B4B0628E59}.Release|iPhoneSimulator.Build.0 = Release|Any CPU
		{FA772435-A9AC-42A1-B533-87B4B0628E59}.Release|iPhoneSimulator.Deploy.0 = Release|Any CPU
		{0D56C842-1568-43C4-92E9-9E889AFC19AA}.Ad-Hoc|Any CPU.ActiveCfg = Ad-Hoc|iPhone
		{0D56C842-1568-43C4-92E9-9E889AFC19AA}.Ad-Hoc|Any CPU.Build.0 = Ad-Hoc|iPhone
		{0D56C842-1568-43C4-92E9-9E889AFC19AA}.Ad-Hoc|Any CPU.Deploy.0 = Ad-Hoc|iPhone
		{0D56C842-1568-43C4-92E9-9E889AFC19AA}.Ad-Hoc|iPhone.ActiveCfg = Ad-Hoc|iPhone
		{0D56C842-1568-43C4-92E9-9E889AFC19AA}.Ad-Hoc|iPhone.Build.0 = Ad-Hoc|iPhone
		{0D56C842-1568-43C4-92E9-9E889AFC19AA}.Ad-Hoc|iPhone.Deploy.0 = Ad-Hoc|iPhone
		{0D56C842-1568-43C4-92E9-9E889AFC19AA}.Ad-Hoc|iPhoneSimulator.ActiveCfg = Ad-Hoc|iPhoneSimulator
		{0D56C842-1568-43C4-92E9-9E889AFC19AA}.Ad-Hoc|iPhoneSimulator.Build.0 = Ad-Hoc|iPhoneSimulator
		{0D56C842-1568-43C4-92E9-9E889AFC19AA}.Ad-Hoc|iPhoneSimulator.Deploy.0 = Ad-Hoc|iPhoneSimulator
		{0D56C842-1568-43C4-92E9-9E889AFC19AA}.AppStore|Any CPU.ActiveCfg = AppStore|iPhone
		{0D56C842-1568-43C4-92E9-9E889AFC19AA}.AppStore|Any CPU.Build.0 = AppStore|iPhone
		{0D56C842-1568-43C4-92E9-9E889AFC19AA}.AppStore|Any CPU.Deploy.0 = AppStore|iPhone
		{0D56C842-1568-43C4-92E9-9E889AFC19AA}.AppStore|iPhone.ActiveCfg = AppStore|iPhone
		{0D56C842-1568-43C4-92E9-9E889AFC19AA}.AppStore|iPhone.Build.0 = AppStore|iPhone
		{0D56C842-1568-43C4-92E9-9E889AFC19AA}.AppStore|iPhone.Deploy.0 = AppStore|iPhone
		{0D56C842-1568-43C4-92E9-9E889AFC19AA}.AppStore|iPhoneSimulator.ActiveCfg = AppStore|iPhoneSimulator
		{0D56C842-1568-43C4-92E9-9E889AFC19AA}.AppStore|iPhoneSimulator.Build.0 = AppStore|iPhoneSimulator
		{0D56C842-1568-43C4-92E9-9E889AFC19AA}.AppStore|iPhoneSimulator.Deploy.0 = AppStore|iPhoneSimulator
		{0D56C842-1568-43C4-92E9-9E889AFC19AA}.Debug|Any CPU.ActiveCfg = Debug|iPhoneSimulator
		{0D56C842-1568-43C4-92E9-9E889AFC19AA}.Debug|Any CPU.Build.0 = Debug|iPhoneSimulator
		{0D56C842-1568-43C4-92E9-9E889AFC19AA}.Debug|Any CPU.Deploy.0 = Debug|iPhoneSimulator
		{0D56C842-1568-43C4-92E9-9E889AFC19AA}.Debug|iPhone.ActiveCfg = Debug|iPhone
		{0D56C842-1568-43C4-92E9-9E889AFC19AA}.Debug|iPhone.Build.0 = Debug|iPhone
		{0D56C842-1568-43C4-92E9-9E889AFC19AA}.Debug|iPhone.Deploy.0 = Debug|iPhone
		{0D56C842-1568-43C4-92E9-9E889AFC19AA}.Debug|iPhoneSimulator.ActiveCfg = Debug|iPhoneSimulator
		{0D56C842-1568-43C4-92E9-9E889AFC19AA}.Debug|iPhoneSimulator.Build.0 = Debug|iPhoneSimulator
		{0D56C842-1568-43C4-92E9-9E889AFC19AA}.Debug|iPhoneSimulator.Deploy.0 = Debug|iPhoneSimulator
		{0D56C842-1568-43C4-92E9-9E889AFC19AA}.Release|Any CPU.ActiveCfg = Release|iPhone
		{0D56C842-1568-43C4-92E9-9E889AFC19AA}.Release|Any CPU.Build.0 = Release|iPhone
		{0D56C842-1568-43C4-92E9-9E889AFC19AA}.Release|Any CPU.Deploy.0 = Release|iPhone
		{0D56C842-1568-43C4-92E9-9E889AFC19AA}.Release|iPhone.ActiveCfg = Release|iPhone
		{0D56C842-1568-43C4-92E9-9E889AFC19AA}.Release|iPhone.Build.0 = Release|iPhone
		{0D56C842-1568-43C4-92E9-9E889AFC19AA}.Release|iPhone.Deploy.0 = Release|iPhone
		{0D56C842-1568-43C4-92E9-9E889AFC19AA}.Release|iPhoneSimulator.ActiveCfg = Release|iPhoneSimulator
		{0D56C842-1568-43C4-92E9-9E889AFC19AA}.Release|iPhoneSimulator.Build.0 = Release|iPhoneSimulator
		{0D56C842-1568-43C4-92E9-9E889AFC19AA}.Release|iPhoneSimulator.Deploy.0 = Release|iPhoneSimulator
		{5D1F8CF5-521E-4004-8D24-D5895D69765D}.Ad-Hoc|Any CPU.ActiveCfg = Debug|Any CPU
		{5D1F8CF5-521E-4004-8D24-D5895D69765D}.Ad-Hoc|Any CPU.Build.0 = Debug|Any CPU
		{5D1F8CF5-521E-4004-8D24-D5895D69765D}.Ad-Hoc|Any CPU.Deploy.0 = Debug|Any CPU
		{5D1F8CF5-521E-4004-8D24-D5895D69765D}.Ad-Hoc|iPhone.ActiveCfg = Debug|Any CPU
		{5D1F8CF5-521E-4004-8D24-D5895D69765D}.Ad-Hoc|iPhone.Build.0 = Debug|Any CPU
		{5D1F8CF5-521E-4004-8D24-D5895D69765D}.Ad-Hoc|iPhone.Deploy.0 = Debug|Any CPU
		{5D1F8CF5-521E-4004-8D24-D5895D69765D}.Ad-Hoc|iPhoneSimulator.ActiveCfg = Debug|Any CPU
		{5D1F8CF5-521E-4004-8D24-D5895D69765D}.Ad-Hoc|iPhoneSimulator.Build.0 = Debug|Any CPU
		{5D1F8CF5-521E-4004-8D24-D5895D69765D}.Ad-Hoc|iPhoneSimulator.Deploy.0 = Debug|Any CPU
		{5D1F8CF5-521E-4004-8D24-D5895D69765D}.AppStore|Any CPU.ActiveCfg = Debug|Any CPU
		{5D1F8CF5-521E-4004-8D24-D5895D69765D}.AppStore|Any CPU.Build.0 = Debug|Any CPU
		{5D1F8CF5-521E-4004-8D24-D5895D69765D}.AppStore|Any CPU.Deploy.0 = Debug|Any CPU
		{5D1F8CF5-521E-4004-8D24-D5895D69765D}.AppStore|iPhone.ActiveCfg = Debug|Any CPU
		{5D1F8CF5-521E-4004-8D24-D5895D69765D}.AppStore|iPhone.Build.0 = Debug|Any CPU
		{5D1F8CF5-521E-4004-8D24-D5895D69765D}.AppStore|iPhone.Deploy.0 = Debug|Any CPU
		{5D1F8CF5-521E-4004-8D24-D5895D69765D}.AppStore|iPhoneSimulator.ActiveCfg = Debug|Any CPU
		{5D1F8CF5-521E-4004-8D24-D5895D69765D}.AppStore|iPhoneSimulator.Build.0 = Debug|Any CPU
		{5D1F8CF5-521E-4004-8D24-D5895D69765D}.AppStore|iPhoneSimulator.Deploy.0 = Debug|Any CPU
		{5D1F8CF5-521E-4004-8D24-D5895D69765D}.Debug|Any CPU.ActiveCfg = Debug|Any CPU
		{5D1F8CF5-521E-4004-8D24-D5895D69765D}.Debug|Any CPU.Build.0 = Debug|Any CPU
		{5D1F8CF5-521E-4004-8D24-D5895D69765D}.Debug|Any CPU.Deploy.0 = Debug|Any CPU
		{5D1F8CF5-521E-4004-8D24-D5895D69765D}.Debug|iPhone.ActiveCfg = Debug|Any CPU
		{5D1F8CF5-521E-4004-8D24-D5895D69765D}.Debug|iPhone.Build.0 = Debug|Any CPU
		{5D1F8CF5-521E-4004-8D24-D5895D69765D}.Debug|iPhone.Deploy.0 = Debug|Any CPU
		{5D1F8CF5-521E-4004-8D24-D5895D69765D}.Debug|iPhoneSimulator.ActiveCfg = Debug|Any CPU
		{5D1F8CF5-521E-4004-8D24-D5895D69765D}.Debug|iPhoneSimulator.Build.0 = Debug|Any CPU
		{5D1F8CF5-521E-4004-8D24-D5895D69765D}.Debug|iPhoneSimulator.Deploy.0 = Debug|Any CPU
		{5D1F8CF5-521E-4004-8D24-D5895D69765D}.Release|Any CPU.ActiveCfg = Release|Any CPU
		{5D1F8CF5-521E-4004-8D24-D5895D69765D}.Release|Any CPU.Build.0 = Release|Any CPU
		{5D1F8CF5-521E-4004-8D24-D5895D69765D}.Release|Any CPU.Deploy.0 = Release|Any CPU
		{5D1F8CF5-521E-4004-8D24-D5895D69765D}.Release|iPhone.ActiveCfg = Release|Any CPU
		{5D1F8CF5-521E-4004-8D24-D5895D69765D}.Release|iPhone.Build.0 = Release|Any CPU
		{5D1F8CF5-521E-4004-8D24-D5895D69765D}.Release|iPhone.Deploy.0 = Release|Any CPU
		{5D1F8CF5-521E-4004-8D24-D5895D69765D}.Release|iPhoneSimulator.ActiveCfg = Release|Any CPU
		{5D1F8CF5-521E-4004-8D24-D5895D69765D}.Release|iPhoneSimulator.Build.0 = Release|Any CPU
		{5D1F8CF5-521E-4004-8D24-D5895D69765D}.Release|iPhoneSimulator.Deploy.0 = Release|Any CPU
	EndGlobalSection
	GlobalSection(SolutionProperties) = preSolution
		HideSolutionNode = FALSE
	EndGlobalSection
	GlobalSection(ExtensibilityGlobals) = postSolution
		SolutionGuid = {44FF0ED6-E493-49CF-92EB-02E0670E5F0E}
	EndGlobalSection
EndGlobal
